// !$*UTF8*$!
{
	archiveVersion = 1;
	classes = {
	};
	objectVersion = 46;
	objects = {

/* Begin PBXBuildFile section */
		260B3DAB1EA2651A002BEC96 /* Null.storyboard in Resources */ = {isa = PBXBuildFile; fileRef = 260B3DA91EA2651A002BEC96 /* Null.storyboard */; };
		265F8C511EAEF20C00596251 /* OAuthViewController.swift in Sources */ = {isa = PBXBuildFile; fileRef = 265F8C4F1EAEF20C00596251 /* OAuthViewController.swift */; };
		265F8C521EAEF20C00596251 /* OAuthViewController.xib in Resources */ = {isa = PBXBuildFile; fileRef = 265F8C501EAEF20C00596251 /* OAuthViewController.xib */; };
		265F8C541EAEFB1000596251 /* Common.swift in Sources */ = {isa = PBXBuildFile; fileRef = 265F8C531EAEFB1000596251 /* Common.swift */; };
		265F8C561EAF1ACA00596251 /* SANNetworkManager.swift in Sources */ = {isa = PBXBuildFile; fileRef = 265F8C551EAF1ACA00596251 /* SANNetworkManager.swift */; };
		265F8C581EAF227E00596251 /* UserAccount.swift in Sources */ = {isa = PBXBuildFile; fileRef = 265F8C571EAF227E00596251 /* UserAccount.swift */; };
		265F8C5A1EAF2B5600596251 /* ProfileNetwork.swift in Sources */ = {isa = PBXBuildFile; fileRef = 265F8C591EAF2B5600596251 /* ProfileNetwork.swift */; };
		2662CEFB1EAAFC8900A1788C /* PopoverAnimator.swift in Sources */ = {isa = PBXBuildFile; fileRef = 2662CEFA1EAAFC8900A1788C /* PopoverAnimator.swift */; };
		26832E881EA256B3006E088D /* MainViewController.swift in Sources */ = {isa = PBXBuildFile; fileRef = 26832E871EA256B3006E088D /* MainViewController.swift */; };
		26832E8F1EA25A26006E088D /* MessageViewController.swift in Sources */ = {isa = PBXBuildFile; fileRef = 26832E8E1EA25A26006E088D /* MessageViewController.swift */; };
		26832E911EA25A45006E088D /* DiscoverViewController.swift in Sources */ = {isa = PBXBuildFile; fileRef = 26832E901EA25A45006E088D /* DiscoverViewController.swift */; };
		26832E931EA25A5A006E088D /* ProfileViewController.swift in Sources */ = {isa = PBXBuildFile; fileRef = 26832E921EA25A5A006E088D /* ProfileViewController.swift */; };
		26832EA11EA25D6C006E088D /* Home.storyboard in Resources */ = {isa = PBXBuildFile; fileRef = 26832E9F1EA25D6C006E088D /* Home.storyboard */; };
		26832EA41EA25D86006E088D /* Message.storyboard in Resources */ = {isa = PBXBuildFile; fileRef = 26832EA21EA25D86006E088D /* Message.storyboard */; };
		26832EA71EA25DA5006E088D /* Discover.storyboard in Resources */ = {isa = PBXBuildFile; fileRef = 26832EA51EA25DA5006E088D /* Discover.storyboard */; };
		26832EAC1EA25EEB006E088D /* Profile.storyboard in Resources */ = {isa = PBXBuildFile; fileRef = 26832EAA1EA25EEB006E088D /* Profile.storyboard */; };
		269B9EC61EB06BB800F0E191 /* UserAccountManager.swift in Sources */ = {isa = PBXBuildFile; fileRef = 269B9EC51EB06BB800F0E191 /* UserAccountManager.swift */; };
		269B9ECA1EB0706100F0E191 /* WelcomeViewController.swift in Sources */ = {isa = PBXBuildFile; fileRef = 269B9EC81EB0706100F0E191 /* WelcomeViewController.swift */; };
		269B9ECB1EB0706100F0E191 /* WelcomeViewController.xib in Resources */ = {isa = PBXBuildFile; fileRef = 269B9EC91EB0706100F0E191 /* WelcomeViewController.xib */; };
		269B9ECE1EB1C48C00F0E191 /* HomeNetwork.swift in Sources */ = {isa = PBXBuildFile; fileRef = 269B9ECD1EB1C48C00F0E191 /* HomeNetwork.swift */; };
		269B9ED11EB1CFAA00F0E191 /* Status.swift in Sources */ = {isa = PBXBuildFile; fileRef = 269B9ED01EB1CFAA00F0E191 /* Status.swift */; };
		269B9ED31EB2DFA600F0E191 /* NSDate-Extension.swift in Sources */ = {isa = PBXBuildFile; fileRef = 269B9ED21EB2DFA600F0E191 /* NSDate-Extension.swift */; };
		26AC67571EA20AAB006C9B61 /* AppDelegate.swift in Sources */ = {isa = PBXBuildFile; fileRef = 26AC67561EA20AAB006C9B61 /* AppDelegate.swift */; };
		26AC675C1EA20AAB006C9B61 /* Main.storyboard in Resources */ = {isa = PBXBuildFile; fileRef = 26AC675A1EA20AAB006C9B61 /* Main.storyboard */; };
		26AC675E1EA20AAB006C9B61 /* Assets.xcassets in Resources */ = {isa = PBXBuildFile; fileRef = 26AC675D1EA20AAB006C9B61 /* Assets.xcassets */; };
		26AC67611EA20AAB006C9B61 /* LaunchScreen.storyboard in Resources */ = {isa = PBXBuildFile; fileRef = 26AC675F1EA20AAB006C9B61 /* LaunchScreen.storyboard */; };
		26AC676C1EA20AAB006C9B61 /* SinaWeiBoTests.swift in Sources */ = {isa = PBXBuildFile; fileRef = 26AC676B1EA20AAB006C9B61 /* SinaWeiBoTests.swift */; };
		26AC67771EA20AAB006C9B61 /* SinaWeiBoUITests.swift in Sources */ = {isa = PBXBuildFile; fileRef = 26AC67761EA20AAB006C9B61 /* SinaWeiBoUITests.swift */; };
		26AC678B1EA216E7006C9B61 /* HomeViewController.swift in Sources */ = {isa = PBXBuildFile; fileRef = 26AC678A1EA216E7006C9B61 /* HomeViewController.swift */; };
		26BF010F1EA3567C00651A97 /* UIButton-Extension.swift in Sources */ = {isa = PBXBuildFile; fileRef = 26BF010E1EA3567C00651A97 /* UIButton-Extension.swift */; };
		26F4E4931EA851B300CCEF57 /* BaseViewController.swift in Sources */ = {isa = PBXBuildFile; fileRef = 26F4E4921EA851B300CCEF57 /* BaseViewController.swift */; };
		26F4E4951EA852CD00CCEF57 /* VisitorView.swift in Sources */ = {isa = PBXBuildFile; fileRef = 26F4E4941EA852CD00CCEF57 /* VisitorView.swift */; };
		26F4E4971EA852D900CCEF57 /* VisitorView.xib in Resources */ = {isa = PBXBuildFile; fileRef = 26F4E4961EA852D900CCEF57 /* VisitorView.xib */; };
		26F4E4991EA88CAE00CCEF57 /* UIBarButtonItem+Extension.swift in Sources */ = {isa = PBXBuildFile; fileRef = 26F4E4981EA88CAE00CCEF57 /* UIBarButtonItem+Extension.swift */; };
		26F4E49B1EA8981300CCEF57 /* SANTitleButton.swift in Sources */ = {isa = PBXBuildFile; fileRef = 26F4E49A1EA8981300CCEF57 /* SANTitleButton.swift */; };
		26F4E49F1EA8A51600CCEF57 /* PopoverViewController.swift in Sources */ = {isa = PBXBuildFile; fileRef = 26F4E49D1EA8A51600CCEF57 /* PopoverViewController.swift */; };
		26F4E4A01EA8A51600CCEF57 /* PopoverViewController.xib in Resources */ = {isa = PBXBuildFile; fileRef = 26F4E49E1EA8A51600CCEF57 /* PopoverViewController.xib */; };
		26F4E4A21EA8ADD300CCEF57 /* SANPresentationController.swift in Sources */ = {isa = PBXBuildFile; fileRef = 26F4E4A11EA8ADD300CCEF57 /* SANPresentationController.swift */; };
		D1B31434123AB39ADF4BE611 /* Pods_SinaWeiBo.framework in Frameworks */ = {isa = PBXBuildFile; fileRef = 4D77BE4C533C05AF094069A8 /* Pods_SinaWeiBo.framework */; };
		D9F24CA9B1A02F012BB71078 /* Pods_SinaWeiBoUITests.framework in Frameworks */ = {isa = PBXBuildFile; fileRef = B148B58612FFDD3DA8C14C59 /* Pods_SinaWeiBoUITests.framework */; };
		E53922A876F19B0EF46614A9 /* Pods_SinaWeiBoTests.framework in Frameworks */ = {isa = PBXBuildFile; fileRef = B3873A9CB2C03A672AC167D6 /* Pods_SinaWeiBoTests.framework */; };
/* End PBXBuildFile section */

/* Begin PBXContainerItemProxy section */
		26AC67681EA20AAB006C9B61 /* PBXContainerItemProxy */ = {
			isa = PBXContainerItemProxy;
			containerPortal = 26AC674B1EA20AAB006C9B61 /* Project object */;
			proxyType = 1;
			remoteGlobalIDString = 26AC67521EA20AAB006C9B61;
			remoteInfo = SinaWeiBo;
		};
		26AC67731EA20AAB006C9B61 /* PBXContainerItemProxy */ = {
			isa = PBXContainerItemProxy;
			containerPortal = 26AC674B1EA20AAB006C9B61 /* Project object */;
			proxyType = 1;
			remoteGlobalIDString = 26AC67521EA20AAB006C9B61;
			remoteInfo = SinaWeiBo;
		};
/* End PBXContainerItemProxy section */

/* Begin PBXFileReference section */
		0AE674DF7EDA632A14DDAD61 /* Pods-SinaWeiBoTests.debug.xcconfig */ = {isa = PBXFileReference; includeInIndex = 1; lastKnownFileType = text.xcconfig; name = "Pods-SinaWeiBoTests.debug.xcconfig"; path = "Pods/Target Support Files/Pods-SinaWeiBoTests/Pods-SinaWeiBoTests.debug.xcconfig"; sourceTree = "<group>"; };
		260B3DAA1EA2651A002BEC96 /* Base */ = {isa = PBXFileReference; lastKnownFileType = file.storyboard; name = Base; path = Base.lproj/Null.storyboard; sourceTree = "<group>"; };
		265F8C4F1EAEF20C00596251 /* OAuthViewController.swift */ = {isa = PBXFileReference; fileEncoding = 4; lastKnownFileType = sourcecode.swift; path = OAuthViewController.swift; sourceTree = "<group>"; };
		265F8C501EAEF20C00596251 /* OAuthViewController.xib */ = {isa = PBXFileReference; fileEncoding = 4; lastKnownFileType = file.xib; path = OAuthViewController.xib; sourceTree = "<group>"; };
		265F8C531EAEFB1000596251 /* Common.swift */ = {isa = PBXFileReference; fileEncoding = 4; lastKnownFileType = sourcecode.swift; path = Common.swift; sourceTree = "<group>"; };
		265F8C551EAF1ACA00596251 /* SANNetworkManager.swift */ = {isa = PBXFileReference; fileEncoding = 4; lastKnownFileType = sourcecode.swift; path = SANNetworkManager.swift; sourceTree = "<group>"; };
		265F8C571EAF227E00596251 /* UserAccount.swift */ = {isa = PBXFileReference; fileEncoding = 4; lastKnownFileType = sourcecode.swift; path = UserAccount.swift; sourceTree = "<group>"; };
		265F8C591EAF2B5600596251 /* ProfileNetwork.swift */ = {isa = PBXFileReference; fileEncoding = 4; lastKnownFileType = sourcecode.swift; path = ProfileNetwork.swift; sourceTree = "<group>"; };
		2662CEFA1EAAFC8900A1788C /* PopoverAnimator.swift */ = {isa = PBXFileReference; fileEncoding = 4; lastKnownFileType = sourcecode.swift; path = PopoverAnimator.swift; sourceTree = "<group>"; };
		26832E871EA256B3006E088D /* MainViewController.swift */ = {isa = PBXFileReference; fileEncoding = 4; lastKnownFileType = sourcecode.swift; path = MainViewController.swift; sourceTree = "<group>"; };
		26832E8E1EA25A26006E088D /* MessageViewController.swift */ = {isa = PBXFileReference; fileEncoding = 4; lastKnownFileType = sourcecode.swift; path = MessageViewController.swift; sourceTree = "<group>"; };
		26832E901EA25A45006E088D /* DiscoverViewController.swift */ = {isa = PBXFileReference; fileEncoding = 4; lastKnownFileType = sourcecode.swift; path = DiscoverViewController.swift; sourceTree = "<group>"; };
		26832E921EA25A5A006E088D /* ProfileViewController.swift */ = {isa = PBXFileReference; fileEncoding = 4; lastKnownFileType = sourcecode.swift; path = ProfileViewController.swift; sourceTree = "<group>"; };
		26832EA01EA25D6C006E088D /* Base */ = {isa = PBXFileReference; lastKnownFileType = file.storyboard; name = Base; path = Base.lproj/Home.storyboard; sourceTree = "<group>"; };
		26832EA31EA25D86006E088D /* Base */ = {isa = PBXFileReference; lastKnownFileType = file.storyboard; name = Base; path = Base.lproj/Message.storyboard; sourceTree = "<group>"; };
		26832EA61EA25DA5006E088D /* Base */ = {isa = PBXFileReference; lastKnownFileType = file.storyboard; name = Base; path = Base.lproj/Discover.storyboard; sourceTree = "<group>"; };
		26832EAB1EA25EEB006E088D /* Base */ = {isa = PBXFileReference; lastKnownFileType = file.storyboard; name = Base; path = Base.lproj/Profile.storyboard; sourceTree = "<group>"; };
		269B9EC51EB06BB800F0E191 /* UserAccountManager.swift */ = {isa = PBXFileReference; fileEncoding = 4; lastKnownFileType = sourcecode.swift; path = UserAccountManager.swift; sourceTree = "<group>"; };
		269B9EC81EB0706100F0E191 /* WelcomeViewController.swift */ = {isa = PBXFileReference; fileEncoding = 4; lastKnownFileType = sourcecode.swift; path = WelcomeViewController.swift; sourceTree = "<group>"; };
		269B9EC91EB0706100F0E191 /* WelcomeViewController.xib */ = {isa = PBXFileReference; fileEncoding = 4; lastKnownFileType = file.xib; path = WelcomeViewController.xib; sourceTree = "<group>"; };
		269B9ECD1EB1C48C00F0E191 /* HomeNetwork.swift */ = {isa = PBXFileReference; fileEncoding = 4; lastKnownFileType = sourcecode.swift; path = HomeNetwork.swift; sourceTree = "<group>"; };
		269B9ED01EB1CFAA00F0E191 /* Status.swift */ = {isa = PBXFileReference; fileEncoding = 4; lastKnownFileType = sourcecode.swift; path = Status.swift; sourceTree = "<group>"; };
		269B9ED21EB2DFA600F0E191 /* NSDate-Extension.swift */ = {isa = PBXFileReference; fileEncoding = 4; lastKnownFileType = sourcecode.swift; path = "NSDate-Extension.swift"; sourceTree = "<group>"; };
		26AC67531EA20AAB006C9B61 /* SinaWeiBo.app */ = {isa = PBXFileReference; explicitFileType = wrapper.application; includeInIndex = 0; path = SinaWeiBo.app; sourceTree = BUILT_PRODUCTS_DIR; };
		26AC67561EA20AAB006C9B61 /* AppDelegate.swift */ = {isa = PBXFileReference; lastKnownFileType = sourcecode.swift; path = AppDelegate.swift; sourceTree = "<group>"; };
		26AC675B1EA20AAB006C9B61 /* Base */ = {isa = PBXFileReference; lastKnownFileType = file.storyboard; name = Base; path = Base.lproj/Main.storyboard; sourceTree = "<group>"; };
		26AC675D1EA20AAB006C9B61 /* Assets.xcassets */ = {isa = PBXFileReference; lastKnownFileType = folder.assetcatalog; path = Assets.xcassets; sourceTree = "<group>"; };
		26AC67601EA20AAB006C9B61 /* Base */ = {isa = PBXFileReference; lastKnownFileType = file.storyboard; name = Base; path = Base.lproj/LaunchScreen.storyboard; sourceTree = "<group>"; };
		26AC67621EA20AAB006C9B61 /* Info.plist */ = {isa = PBXFileReference; lastKnownFileType = text.plist.xml; path = Info.plist; sourceTree = "<group>"; };
		26AC67671EA20AAB006C9B61 /* SinaWeiBoTests.xctest */ = {isa = PBXFileReference; explicitFileType = wrapper.cfbundle; includeInIndex = 0; path = SinaWeiBoTests.xctest; sourceTree = BUILT_PRODUCTS_DIR; };
		26AC676B1EA20AAB006C9B61 /* SinaWeiBoTests.swift */ = {isa = PBXFileReference; lastKnownFileType = sourcecode.swift; path = SinaWeiBoTests.swift; sourceTree = "<group>"; };
		26AC676D1EA20AAB006C9B61 /* Info.plist */ = {isa = PBXFileReference; lastKnownFileType = text.plist.xml; path = Info.plist; sourceTree = "<group>"; };
		26AC67721EA20AAB006C9B61 /* SinaWeiBoUITests.xctest */ = {isa = PBXFileReference; explicitFileType = wrapper.cfbundle; includeInIndex = 0; path = SinaWeiBoUITests.xctest; sourceTree = BUILT_PRODUCTS_DIR; };
		26AC67761EA20AAB006C9B61 /* SinaWeiBoUITests.swift */ = {isa = PBXFileReference; lastKnownFileType = sourcecode.swift; path = SinaWeiBoUITests.swift; sourceTree = "<group>"; };
		26AC67781EA20AAB006C9B61 /* Info.plist */ = {isa = PBXFileReference; lastKnownFileType = text.plist.xml; path = Info.plist; sourceTree = "<group>"; };
		26AC678A1EA216E7006C9B61 /* HomeViewController.swift */ = {isa = PBXFileReference; fileEncoding = 4; lastKnownFileType = sourcecode.swift; path = HomeViewController.swift; sourceTree = "<group>"; };
		26BF010E1EA3567C00651A97 /* UIButton-Extension.swift */ = {isa = PBXFileReference; fileEncoding = 4; lastKnownFileType = sourcecode.swift; path = "UIButton-Extension.swift"; sourceTree = "<group>"; };
		26F4E4921EA851B300CCEF57 /* BaseViewController.swift */ = {isa = PBXFileReference; fileEncoding = 4; lastKnownFileType = sourcecode.swift; path = BaseViewController.swift; sourceTree = "<group>"; };
		26F4E4941EA852CD00CCEF57 /* VisitorView.swift */ = {isa = PBXFileReference; fileEncoding = 4; lastKnownFileType = sourcecode.swift; path = VisitorView.swift; sourceTree = "<group>"; };
		26F4E4961EA852D900CCEF57 /* VisitorView.xib */ = {isa = PBXFileReference; fileEncoding = 4; lastKnownFileType = file.xib; path = VisitorView.xib; sourceTree = "<group>"; };
		26F4E4981EA88CAE00CCEF57 /* UIBarButtonItem+Extension.swift */ = {isa = PBXFileReference; fileEncoding = 4; lastKnownFileType = sourcecode.swift; path = "UIBarButtonItem+Extension.swift"; sourceTree = "<group>"; };
		26F4E49A1EA8981300CCEF57 /* SANTitleButton.swift */ = {isa = PBXFileReference; fileEncoding = 4; lastKnownFileType = sourcecode.swift; path = SANTitleButton.swift; sourceTree = "<group>"; };
		26F4E49D1EA8A51600CCEF57 /* PopoverViewController.swift */ = {isa = PBXFileReference; fileEncoding = 4; lastKnownFileType = sourcecode.swift; path = PopoverViewController.swift; sourceTree = "<group>"; };
		26F4E49E1EA8A51600CCEF57 /* PopoverViewController.xib */ = {isa = PBXFileReference; fileEncoding = 4; lastKnownFileType = file.xib; path = PopoverViewController.xib; sourceTree = "<group>"; };
		26F4E4A11EA8ADD300CCEF57 /* SANPresentationController.swift */ = {isa = PBXFileReference; fileEncoding = 4; lastKnownFileType = sourcecode.swift; path = SANPresentationController.swift; sourceTree = "<group>"; };
		4D77BE4C533C05AF094069A8 /* Pods_SinaWeiBo.framework */ = {isa = PBXFileReference; explicitFileType = wrapper.framework; includeInIndex = 0; path = Pods_SinaWeiBo.framework; sourceTree = BUILT_PRODUCTS_DIR; };
		7B7D794F4394A5A474314D3F /* Pods-SinaWeiBoTests.release.xcconfig */ = {isa = PBXFileReference; includeInIndex = 1; lastKnownFileType = text.xcconfig; name = "Pods-SinaWeiBoTests.release.xcconfig"; path = "Pods/Target Support Files/Pods-SinaWeiBoTests/Pods-SinaWeiBoTests.release.xcconfig"; sourceTree = "<group>"; };
		B148B58612FFDD3DA8C14C59 /* Pods_SinaWeiBoUITests.framework */ = {isa = PBXFileReference; explicitFileType = wrapper.framework; includeInIndex = 0; path = Pods_SinaWeiBoUITests.framework; sourceTree = BUILT_PRODUCTS_DIR; };
		B3873A9CB2C03A672AC167D6 /* Pods_SinaWeiBoTests.framework */ = {isa = PBXFileReference; explicitFileType = wrapper.framework; includeInIndex = 0; path = Pods_SinaWeiBoTests.framework; sourceTree = BUILT_PRODUCTS_DIR; };
		DF7D66DA096F8F6CAE050F68 /* Pods-SinaWeiBoUITests.debug.xcconfig */ = {isa = PBXFileReference; includeInIndex = 1; lastKnownFileType = text.xcconfig; name = "Pods-SinaWeiBoUITests.debug.xcconfig"; path = "Pods/Target Support Files/Pods-SinaWeiBoUITests/Pods-SinaWeiBoUITests.debug.xcconfig"; sourceTree = "<group>"; };
		E0318C1983D0BDFAAB0E8946 /* Pods-SinaWeiBoUITests.release.xcconfig */ = {isa = PBXFileReference; includeInIndex = 1; lastKnownFileType = text.xcconfig; name = "Pods-SinaWeiBoUITests.release.xcconfig"; path = "Pods/Target Support Files/Pods-SinaWeiBoUITests/Pods-SinaWeiBoUITests.release.xcconfig"; sourceTree = "<group>"; };
		E8B725750DB6A7987027AF75 /* Pods-SinaWeiBo.debug.xcconfig */ = {isa = PBXFileReference; includeInIndex = 1; lastKnownFileType = text.xcconfig; name = "Pods-SinaWeiBo.debug.xcconfig"; path = "Pods/Target Support Files/Pods-SinaWeiBo/Pods-SinaWeiBo.debug.xcconfig"; sourceTree = "<group>"; };
		F6114F98EBADB08B0D5F017C /* Pods-SinaWeiBo.release.xcconfig */ = {isa = PBXFileReference; includeInIndex = 1; lastKnownFileType = text.xcconfig; name = "Pods-SinaWeiBo.release.xcconfig"; path = "Pods/Target Support Files/Pods-SinaWeiBo/Pods-SinaWeiBo.release.xcconfig"; sourceTree = "<group>"; };
/* End PBXFileReference section */

/* Begin PBXFrameworksBuildPhase section */
		26AC67501EA20AAB006C9B61 /* Frameworks */ = {
			isa = PBXFrameworksBuildPhase;
			buildActionMask = 2147483647;
			files = (
				D1B31434123AB39ADF4BE611 /* Pods_SinaWeiBo.framework in Frameworks */,
			);
			runOnlyForDeploymentPostprocessing = 0;
		};
		26AC67641EA20AAB006C9B61 /* Frameworks */ = {
			isa = PBXFrameworksBuildPhase;
			buildActionMask = 2147483647;
			files = (
				E53922A876F19B0EF46614A9 /* Pods_SinaWeiBoTests.framework in Frameworks */,
			);
			runOnlyForDeploymentPostprocessing = 0;
		};
		26AC676F1EA20AAB006C9B61 /* Frameworks */ = {
			isa = PBXFrameworksBuildPhase;
			buildActionMask = 2147483647;
			files = (
				D9F24CA9B1A02F012BB71078 /* Pods_SinaWeiBoUITests.framework in Frameworks */,
			);
			runOnlyForDeploymentPostprocessing = 0;
		};
/* End PBXFrameworksBuildPhase section */

/* Begin PBXGroup section */
		2287A07FB066C337EA4DEF6C /* Frameworks */ = {
			isa = PBXGroup;
			children = (
				4D77BE4C533C05AF094069A8 /* Pods_SinaWeiBo.framework */,
				B3873A9CB2C03A672AC167D6 /* Pods_SinaWeiBoTests.framework */,
				B148B58612FFDD3DA8C14C59 /* Pods_SinaWeiBoUITests.framework */,
			);
			name = Frameworks;
			sourceTree = "<group>";
		};
		265F8C4E1EAEF1EE00596251 /* OAuth */ = {
			isa = PBXGroup;
			children = (
				265F8C4F1EAEF20C00596251 /* OAuthViewController.swift */,
				265F8C501EAEF20C00596251 /* OAuthViewController.xib */,
				265F8C571EAF227E00596251 /* UserAccount.swift */,
				269B9EC51EB06BB800F0E191 /* UserAccountManager.swift */,
			);
			path = OAuth;
			sourceTree = "<group>";
		};
		269B9EC71EB0701900F0E191 /* Welcome */ = {
			isa = PBXGroup;
			children = (
				269B9EC81EB0706100F0E191 /* WelcomeViewController.swift */,
				269B9EC91EB0706100F0E191 /* WelcomeViewController.xib */,
			);
			path = Welcome;
			sourceTree = "<group>";
		};
		269B9ECC1EB1C45700F0E191 /* API */ = {
			isa = PBXGroup;
			children = (
				269B9ECD1EB1C48C00F0E191 /* HomeNetwork.swift */,
			);
			path = API;
			sourceTree = "<group>";
		};
		269B9ECF1EB1CDA400F0E191 /* HomeModel */ = {
			isa = PBXGroup;
			children = (
				269B9ED01EB1CFAA00F0E191 /* Status.swift */,
			);
			path = HomeModel;
			sourceTree = "<group>";
		};
		26AC674A1EA20AAB006C9B61 = {
			isa = PBXGroup;
			children = (
				26AC67551EA20AAB006C9B61 /* SinaWeiBo */,
				26AC676A1EA20AAB006C9B61 /* SinaWeiBoTests */,
				26AC67751EA20AAB006C9B61 /* SinaWeiBoUITests */,
				26AC67541EA20AAB006C9B61 /* Products */,
				861D8D9AE38CCC4EC5DE037C /* Pods */,
				2287A07FB066C337EA4DEF6C /* Frameworks */,
			);
			sourceTree = "<group>";
		};
		26AC67541EA20AAB006C9B61 /* Products */ = {
			isa = PBXGroup;
			children = (
				26AC67531EA20AAB006C9B61 /* SinaWeiBo.app */,
				26AC67671EA20AAB006C9B61 /* SinaWeiBoTests.xctest */,
				26AC67721EA20AAB006C9B61 /* SinaWeiBoUITests.xctest */,
			);
			name = Products;
			sourceTree = "<group>";
		};
		26AC67551EA20AAB006C9B61 /* SinaWeiBo */ = {
			isa = PBXGroup;
			children = (
				26AC67841EA20EBA006C9B61 /* Classes */,
				26AC67561EA20AAB006C9B61 /* AppDelegate.swift */,
				26AC675A1EA20AAB006C9B61 /* Main.storyboard */,
				260B3DA91EA2651A002BEC96 /* Null.storyboard */,
				26AC675D1EA20AAB006C9B61 /* Assets.xcassets */,
				26AC675F1EA20AAB006C9B61 /* LaunchScreen.storyboard */,
				26AC67621EA20AAB006C9B61 /* Info.plist */,
			);
			path = SinaWeiBo;
			sourceTree = "<group>";
		};
		26AC676A1EA20AAB006C9B61 /* SinaWeiBoTests */ = {
			isa = PBXGroup;
			children = (
				26AC676B1EA20AAB006C9B61 /* SinaWeiBoTests.swift */,
				26AC676D1EA20AAB006C9B61 /* Info.plist */,
			);
			path = SinaWeiBoTests;
			sourceTree = "<group>";
		};
		26AC67751EA20AAB006C9B61 /* SinaWeiBoUITests */ = {
			isa = PBXGroup;
			children = (
				26AC67761EA20AAB006C9B61 /* SinaWeiBoUITests.swift */,
				26AC67781EA20AAB006C9B61 /* Info.plist */,
			);
			path = SinaWeiBoUITests;
			sourceTree = "<group>";
		};
		26AC67841EA20EBA006C9B61 /* Classes */ = {
			isa = PBXGroup;
			children = (
				26AC67871EA20EBA006C9B61 /* Main */,
				26AC67861EA20EBA006C9B61 /* Home */,
				26AC67851EA20EBA006C9B61 /* Discover */,
				26AC67881EA20EBA006C9B61 /* Message */,
				26AC67891EA20EBA006C9B61 /* Profile */,
				26BF010C1EA3565900651A97 /* Tools */,
			);
			path = Classes;
			sourceTree = "<group>";
		};
		26AC67851EA20EBA006C9B61 /* Discover */ = {
			isa = PBXGroup;
			children = (
				26832E901EA25A45006E088D /* DiscoverViewController.swift */,
				26832EA51EA25DA5006E088D /* Discover.storyboard */,
			);
			path = Discover;
			sourceTree = "<group>";
		};
		26AC67861EA20EBA006C9B61 /* Home */ = {
			isa = PBXGroup;
			children = (
				269B9ECF1EB1CDA400F0E191 /* HomeModel */,
				269B9ECC1EB1C45700F0E191 /* API */,
				26F4E49C1EA8A4F700CCEF57 /* Popover */,
				26AC678A1EA216E7006C9B61 /* HomeViewController.swift */,
				26832E9F1EA25D6C006E088D /* Home.storyboard */,
			);
			path = Home;
			sourceTree = "<group>";
		};
		26AC67871EA20EBA006C9B61 /* Main */ = {
			isa = PBXGroup;
			children = (
				269B9EC71EB0701900F0E191 /* Welcome */,
				265F8C4E1EAEF1EE00596251 /* OAuth */,
				26832E871EA256B3006E088D /* MainViewController.swift */,
			);
			path = Main;
			sourceTree = "<group>";
		};
		26AC67881EA20EBA006C9B61 /* Message */ = {
			isa = PBXGroup;
			children = (
				26832E8E1EA25A26006E088D /* MessageViewController.swift */,
				26832EA21EA25D86006E088D /* Message.storyboard */,
			);
			path = Message;
			sourceTree = "<group>";
		};
		26AC67891EA20EBA006C9B61 /* Profile */ = {
			isa = PBXGroup;
			children = (
				26832E921EA25A5A006E088D /* ProfileViewController.swift */,
				26832EAA1EA25EEB006E088D /* Profile.storyboard */,
				265F8C591EAF2B5600596251 /* ProfileNetwork.swift */,
			);
			path = Profile;
			sourceTree = "<group>";
		};
		26BF010C1EA3565900651A97 /* Tools */ = {
			isa = PBXGroup;
			children = (
				26F4E4911EA8518500CCEF57 /* Visitor */,
				26BF010D1EA3565900651A97 /* Category */,
				26F4E49A1EA8981300CCEF57 /* SANTitleButton.swift */,
				265F8C531EAEFB1000596251 /* Common.swift */,
				265F8C551EAF1ACA00596251 /* SANNetworkManager.swift */,
			);
			path = Tools;
			sourceTree = "<group>";
		};
		26BF010D1EA3565900651A97 /* Category */ = {
			isa = PBXGroup;
			children = (
				26BF010E1EA3567C00651A97 /* UIButton-Extension.swift */,
				26F4E4981EA88CAE00CCEF57 /* UIBarButtonItem+Extension.swift */,
				269B9ED21EB2DFA600F0E191 /* NSDate-Extension.swift */,
			);
			path = Category;
			sourceTree = "<group>";
		};
		26F4E4911EA8518500CCEF57 /* Visitor */ = {
			isa = PBXGroup;
			children = (
				26F4E4921EA851B300CCEF57 /* BaseViewController.swift */,
				26F4E4941EA852CD00CCEF57 /* VisitorView.swift */,
				26F4E4961EA852D900CCEF57 /* VisitorView.xib */,
			);
			path = Visitor;
			sourceTree = "<group>";
		};
		26F4E49C1EA8A4F700CCEF57 /* Popover */ = {
			isa = PBXGroup;
			children = (
				26F4E49D1EA8A51600CCEF57 /* PopoverViewController.swift */,
				26F4E49E1EA8A51600CCEF57 /* PopoverViewController.xib */,
				26F4E4A11EA8ADD300CCEF57 /* SANPresentationController.swift */,
				2662CEFA1EAAFC8900A1788C /* PopoverAnimator.swift */,
			);
			path = Popover;
			sourceTree = "<group>";
		};
		861D8D9AE38CCC4EC5DE037C /* Pods */ = {
			isa = PBXGroup;
			children = (
				E8B725750DB6A7987027AF75 /* Pods-SinaWeiBo.debug.xcconfig */,
				F6114F98EBADB08B0D5F017C /* Pods-SinaWeiBo.release.xcconfig */,
				0AE674DF7EDA632A14DDAD61 /* Pods-SinaWeiBoTests.debug.xcconfig */,
				7B7D794F4394A5A474314D3F /* Pods-SinaWeiBoTests.release.xcconfig */,
				DF7D66DA096F8F6CAE050F68 /* Pods-SinaWeiBoUITests.debug.xcconfig */,
				E0318C1983D0BDFAAB0E8946 /* Pods-SinaWeiBoUITests.release.xcconfig */,
			);
			name = Pods;
			sourceTree = "<group>";
		};
/* End PBXGroup section */

/* Begin PBXNativeTarget section */
		26AC67521EA20AAB006C9B61 /* SinaWeiBo */ = {
			isa = PBXNativeTarget;
			buildConfigurationList = 26AC677B1EA20AAB006C9B61 /* Build configuration list for PBXNativeTarget "SinaWeiBo" */;
			buildPhases = (
				BDF80F0F00BB08173A29B5FB /* [CP] Check Pods Manifest.lock */,
				26AC674F1EA20AAB006C9B61 /* Sources */,
				26AC67501EA20AAB006C9B61 /* Frameworks */,
				26AC67511EA20AAB006C9B61 /* Resources */,
				A460EC714C3C99425AD74525 /* [CP] Embed Pods Frameworks */,
				21302A67FD6E58DA409BBD97 /* [CP] Copy Pods Resources */,
			);
			buildRules = (
			);
			dependencies = (
			);
			name = SinaWeiBo;
			productName = SinaWeiBo;
			productReference = 26AC67531EA20AAB006C9B61 /* SinaWeiBo.app */;
			productType = "com.apple.product-type.application";
		};
		26AC67661EA20AAB006C9B61 /* SinaWeiBoTests */ = {
			isa = PBXNativeTarget;
			buildConfigurationList = 26AC677E1EA20AAB006C9B61 /* Build configuration list for PBXNativeTarget "SinaWeiBoTests" */;
			buildPhases = (
				FEA7AA9BB2D6A97226310A27 /* [CP] Check Pods Manifest.lock */,
				26AC67631EA20AAB006C9B61 /* Sources */,
				26AC67641EA20AAB006C9B61 /* Frameworks */,
				26AC67651EA20AAB006C9B61 /* Resources */,
				EF67B07DC1633B7A06444167 /* [CP] Embed Pods Frameworks */,
				08556A4441B1CCEFBBE68D6C /* [CP] Copy Pods Resources */,
			);
			buildRules = (
			);
			dependencies = (
				26AC67691EA20AAB006C9B61 /* PBXTargetDependency */,
			);
			name = SinaWeiBoTests;
			productName = SinaWeiBoTests;
			productReference = 26AC67671EA20AAB006C9B61 /* SinaWeiBoTests.xctest */;
			productType = "com.apple.product-type.bundle.unit-test";
		};
		26AC67711EA20AAB006C9B61 /* SinaWeiBoUITests */ = {
			isa = PBXNativeTarget;
			buildConfigurationList = 26AC67811EA20AAB006C9B61 /* Build configuration list for PBXNativeTarget "SinaWeiBoUITests" */;
			buildPhases = (
				41A368D22FB9F0029DBFB1F1 /* [CP] Check Pods Manifest.lock */,
				26AC676E1EA20AAB006C9B61 /* Sources */,
				26AC676F1EA20AAB006C9B61 /* Frameworks */,
				26AC67701EA20AAB006C9B61 /* Resources */,
				9FADA0C20FEAC0CBEE843D1D /* [CP] Embed Pods Frameworks */,
				F10D43014633F61CA26C70F8 /* [CP] Copy Pods Resources */,
			);
			buildRules = (
			);
			dependencies = (
				26AC67741EA20AAB006C9B61 /* PBXTargetDependency */,
			);
			name = SinaWeiBoUITests;
			productName = SinaWeiBoUITests;
			productReference = 26AC67721EA20AAB006C9B61 /* SinaWeiBoUITests.xctest */;
			productType = "com.apple.product-type.bundle.ui-testing";
		};
/* End PBXNativeTarget section */

/* Begin PBXProject section */
		26AC674B1EA20AAB006C9B61 /* Project object */ = {
			isa = PBXProject;
			attributes = {
				LastSwiftUpdateCheck = 0830;
				LastUpgradeCheck = 0830;
				ORGANIZATIONNAME = "唐三彩";
				TargetAttributes = {
					26AC67521EA20AAB006C9B61 = {
						CreatedOnToolsVersion = 8.3.1;
						ProvisioningStyle = Automatic;
					};
					26AC67661EA20AAB006C9B61 = {
						CreatedOnToolsVersion = 8.3.1;
						ProvisioningStyle = Automatic;
						TestTargetID = 26AC67521EA20AAB006C9B61;
					};
					26AC67711EA20AAB006C9B61 = {
						CreatedOnToolsVersion = 8.3.1;
						ProvisioningStyle = Automatic;
						TestTargetID = 26AC67521EA20AAB006C9B61;
					};
				};
			};
			buildConfigurationList = 26AC674E1EA20AAB006C9B61 /* Build configuration list for PBXProject "SinaWeiBo" */;
			compatibilityVersion = "Xcode 3.2";
			developmentRegion = English;
			hasScannedForEncodings = 0;
			knownRegions = (
				en,
				Base,
			);
			mainGroup = 26AC674A1EA20AAB006C9B61;
			productRefGroup = 26AC67541EA20AAB006C9B61 /* Products */;
			projectDirPath = "";
			projectRoot = "";
			targets = (
				26AC67521EA20AAB006C9B61 /* SinaWeiBo */,
				26AC67661EA20AAB006C9B61 /* SinaWeiBoTests */,
				26AC67711EA20AAB006C9B61 /* SinaWeiBoUITests */,
			);
		};
/* End PBXProject section */

/* Begin PBXResourcesBuildPhase section */
		26AC67511EA20AAB006C9B61 /* Resources */ = {
			isa = PBXResourcesBuildPhase;
			buildActionMask = 2147483647;
			files = (
				26AC67611EA20AAB006C9B61 /* LaunchScreen.storyboard in Resources */,
				260B3DAB1EA2651A002BEC96 /* Null.storyboard in Resources */,
				26AC675E1EA20AAB006C9B61 /* Assets.xcassets in Resources */,
				26832EA41EA25D86006E088D /* Message.storyboard in Resources */,
				26F4E4A01EA8A51600CCEF57 /* PopoverViewController.xib in Resources */,
				269B9ECB1EB0706100F0E191 /* WelcomeViewController.xib in Resources */,
				26AC675C1EA20AAB006C9B61 /* Main.storyboard in Resources */,
				265F8C521EAEF20C00596251 /* OAuthViewController.xib in Resources */,
				26832EA11EA25D6C006E088D /* Home.storyboard in Resources */,
				26832EAC1EA25EEB006E088D /* Profile.storyboard in Resources */,
				26832EA71EA25DA5006E088D /* Discover.storyboard in Resources */,
				26F4E4971EA852D900CCEF57 /* VisitorView.xib in Resources */,
			);
			runOnlyForDeploymentPostprocessing = 0;
		};
		26AC67651EA20AAB006C9B61 /* Resources */ = {
			isa = PBXResourcesBuildPhase;
			buildActionMask = 2147483647;
			files = (
			);
			runOnlyForDeploymentPostprocessing = 0;
		};
		26AC67701EA20AAB006C9B61 /* Resources */ = {
			isa = PBXResourcesBuildPhase;
			buildActionMask = 2147483647;
			files = (
			);
			runOnlyForDeploymentPostprocessing = 0;
		};
/* End PBXResourcesBuildPhase section */

/* Begin PBXShellScriptBuildPhase section */
		08556A4441B1CCEFBBE68D6C /* [CP] Copy Pods Resources */ = {
			isa = PBXShellScriptBuildPhase;
			buildActionMask = 2147483647;
			files = (
			);
			inputPaths = (
			);
			name = "[CP] Copy Pods Resources";
			outputPaths = (
			);
			runOnlyForDeploymentPostprocessing = 0;
			shellPath = /bin/sh;
			shellScript = "\"${SRCROOT}/Pods/Target Support Files/Pods-SinaWeiBoTests/Pods-SinaWeiBoTests-resources.sh\"\n";
			showEnvVarsInLog = 0;
		};
		21302A67FD6E58DA409BBD97 /* [CP] Copy Pods Resources */ = {
			isa = PBXShellScriptBuildPhase;
			buildActionMask = 2147483647;
			files = (
			);
			inputPaths = (
			);
			name = "[CP] Copy Pods Resources";
			outputPaths = (
			);
			runOnlyForDeploymentPostprocessing = 0;
			shellPath = /bin/sh;
			shellScript = "\"${SRCROOT}/Pods/Target Support Files/Pods-SinaWeiBo/Pods-SinaWeiBo-resources.sh\"\n";
			showEnvVarsInLog = 0;
		};
		41A368D22FB9F0029DBFB1F1 /* [CP] Check Pods Manifest.lock */ = {
			isa = PBXShellScriptBuildPhase;
			buildActionMask = 2147483647;
			files = (
			);
			inputPaths = (
			);
			name = "[CP] Check Pods Manifest.lock";
			outputPaths = (
			);
			runOnlyForDeploymentPostprocessing = 0;
			shellPath = /bin/sh;
			shellScript = "diff \"${PODS_ROOT}/../Podfile.lock\" \"${PODS_ROOT}/Manifest.lock\" > /dev/null\nif [ $? != 0 ] ; then\n    # print error to STDERR\n    echo \"error: The sandbox is not in sync with the Podfile.lock. Run 'pod install' or update your CocoaPods installation.\" >&2\n    exit 1\nfi\n";
			showEnvVarsInLog = 0;
		};
		9FADA0C20FEAC0CBEE843D1D /* [CP] Embed Pods Frameworks */ = {
			isa = PBXShellScriptBuildPhase;
			buildActionMask = 2147483647;
			files = (
			);
			inputPaths = (
			);
			name = "[CP] Embed Pods Frameworks";
			outputPaths = (
			);
			runOnlyForDeploymentPostprocessing = 0;
			shellPath = /bin/sh;
			shellScript = "\"${SRCROOT}/Pods/Target Support Files/Pods-SinaWeiBoUITests/Pods-SinaWeiBoUITests-frameworks.sh\"\n";
			showEnvVarsInLog = 0;
		};
		A460EC714C3C99425AD74525 /* [CP] Embed Pods Frameworks */ = {
			isa = PBXShellScriptBuildPhase;
			buildActionMask = 2147483647;
			files = (
			);
			inputPaths = (
			);
			name = "[CP] Embed Pods Frameworks";
			outputPaths = (
			);
			runOnlyForDeploymentPostprocessing = 0;
			shellPath = /bin/sh;
			shellScript = "\"${SRCROOT}/Pods/Target Support Files/Pods-SinaWeiBo/Pods-SinaWeiBo-frameworks.sh\"\n";
			showEnvVarsInLog = 0;
		};
		BDF80F0F00BB08173A29B5FB /* [CP] Check Pods Manifest.lock */ = {
			isa = PBXShellScriptBuildPhase;
			buildActionMask = 2147483647;
			files = (
			);
			inputPaths = (
			);
			name = "[CP] Check Pods Manifest.lock";
			outputPaths = (
			);
			runOnlyForDeploymentPostprocessing = 0;
			shellPath = /bin/sh;
			shellScript = "diff \"${PODS_ROOT}/../Podfile.lock\" \"${PODS_ROOT}/Manifest.lock\" > /dev/null\nif [ $? != 0 ] ; then\n    # print error to STDERR\n    echo \"error: The sandbox is not in sync with the Podfile.lock. Run 'pod install' or update your CocoaPods installation.\" >&2\n    exit 1\nfi\n";
			showEnvVarsInLog = 0;
		};
		EF67B07DC1633B7A06444167 /* [CP] Embed Pods Frameworks */ = {
			isa = PBXShellScriptBuildPhase;
			buildActionMask = 2147483647;
			files = (
			);
			inputPaths = (
			);
			name = "[CP] Embed Pods Frameworks";
			outputPaths = (
			);
			runOnlyForDeploymentPostprocessing = 0;
			shellPath = /bin/sh;
			shellScript = "\"${SRCROOT}/Pods/Target Support Files/Pods-SinaWeiBoTests/Pods-SinaWeiBoTests-frameworks.sh\"\n";
			showEnvVarsInLog = 0;
		};
		F10D43014633F61CA26C70F8 /* [CP] Copy Pods Resources */ = {
			isa = PBXShellScriptBuildPhase;
			buildActionMask = 2147483647;
			files = (
			);
			inputPaths = (
			);
			name = "[CP] Copy Pods Resources";
			outputPaths = (
			);
			runOnlyForDeploymentPostprocessing = 0;
			shellPath = /bin/sh;
			shellScript = "\"${SRCROOT}/Pods/Target Support Files/Pods-SinaWeiBoUITests/Pods-SinaWeiBoUITests-resources.sh\"\n";
			showEnvVarsInLog = 0;
		};
		FEA7AA9BB2D6A97226310A27 /* [CP] Check Pods Manifest.lock */ = {
			isa = PBXShellScriptBuildPhase;
			buildActionMask = 2147483647;
			files = (
			);
			inputPaths = (
			);
			name = "[CP] Check Pods Manifest.lock";
			outputPaths = (
			);
			runOnlyForDeploymentPostprocessing = 0;
			shellPath = /bin/sh;
			shellScript = "diff \"${PODS_ROOT}/../Podfile.lock\" \"${PODS_ROOT}/Manifest.lock\" > /dev/null\nif [ $? != 0 ] ; then\n    # print error to STDERR\n    echo \"error: The sandbox is not in sync with the Podfile.lock. Run 'pod install' or update your CocoaPods installation.\" >&2\n    exit 1\nfi\n";
			showEnvVarsInLog = 0;
		};
/* End PBXShellScriptBuildPhase section */

/* Begin PBXSourcesBuildPhase section */
		26AC674F1EA20AAB006C9B61 /* Sources */ = {
			isa = PBXSourcesBuildPhase;
			buildActionMask = 2147483647;
			files = (
				265F8C541EAEFB1000596251 /* Common.swift in Sources */,
				26832E931EA25A5A006E088D /* ProfileViewController.swift in Sources */,
				265F8C581EAF227E00596251 /* UserAccount.swift in Sources */,
				269B9ECE1EB1C48C00F0E191 /* HomeNetwork.swift in Sources */,
				26BF010F1EA3567C00651A97 /* UIButton-Extension.swift in Sources */,
				26F4E4991EA88CAE00CCEF57 /* UIBarButtonItem+Extension.swift in Sources */,
				26832E881EA256B3006E088D /* MainViewController.swift in Sources */,
				269B9ECA1EB0706100F0E191 /* WelcomeViewController.swift in Sources */,
				269B9EC61EB06BB800F0E191 /* UserAccountManager.swift in Sources */,
				265F8C511EAEF20C00596251 /* OAuthViewController.swift in Sources */,
				269B9ED31EB2DFA600F0E191 /* NSDate-Extension.swift in Sources */,
				26F4E49F1EA8A51600CCEF57 /* PopoverViewController.swift in Sources */,
				26AC67571EA20AAB006C9B61 /* AppDelegate.swift in Sources */,
				265F8C5A1EAF2B5600596251 /* ProfileNetwork.swift in Sources */,
				26F4E49B1EA8981300CCEF57 /* SANTitleButton.swift in Sources */,
				26F4E4A21EA8ADD300CCEF57 /* SANPresentationController.swift in Sources */,
				265F8C561EAF1ACA00596251 /* SANNetworkManager.swift in Sources */,
				2662CEFB1EAAFC8900A1788C /* PopoverAnimator.swift in Sources */,
				269B9ED11EB1CFAA00F0E191 /* Status.swift in Sources */,
				26832E8F1EA25A26006E088D /* MessageViewController.swift in Sources */,
				26F4E4931EA851B300CCEF57 /* BaseViewController.swift in Sources */,
				26F4E4951EA852CD00CCEF57 /* VisitorView.swift in Sources */,
				26AC678B1EA216E7006C9B61 /* HomeViewController.swift in Sources */,
				26832E911EA25A45006E088D /* DiscoverViewController.swift in Sources */,
			);
			runOnlyForDeploymentPostprocessing = 0;
		};
		26AC67631EA20AAB006C9B61 /* Sources */ = {
			isa = PBXSourcesBuildPhase;
			buildActionMask = 2147483647;
			files = (
				26AC676C1EA20AAB006C9B61 /* SinaWeiBoTests.swift in Sources */,
			);
			runOnlyForDeploymentPostprocessing = 0;
		};
		26AC676E1EA20AAB006C9B61 /* Sources */ = {
			isa = PBXSourcesBuildPhase;
			buildActionMask = 2147483647;
			files = (
				26AC67771EA20AAB006C9B61 /* SinaWeiBoUITests.swift in Sources */,
			);
			runOnlyForDeploymentPostprocessing = 0;
		};
/* End PBXSourcesBuildPhase section */

/* Begin PBXTargetDependency section */
		26AC67691EA20AAB006C9B61 /* PBXTargetDependency */ = {
			isa = PBXTargetDependency;
			target = 26AC67521EA20AAB006C9B61 /* SinaWeiBo */;
			targetProxy = 26AC67681EA20AAB006C9B61 /* PBXContainerItemProxy */;
		};
		26AC67741EA20AAB006C9B61 /* PBXTargetDependency */ = {
			isa = PBXTargetDependency;
			target = 26AC67521EA20AAB006C9B61 /* SinaWeiBo */;
			targetProxy = 26AC67731EA20AAB006C9B61 /* PBXContainerItemProxy */;
		};
/* End PBXTargetDependency section */

/* Begin PBXVariantGroup section */
		260B3DA91EA2651A002BEC96 /* Null.storyboard */ = {
			isa = PBXVariantGroup;
			children = (
				260B3DAA1EA2651A002BEC96 /* Base */,
			);
			name = Null.storyboard;
			sourceTree = "<group>";
		};
		26832E9F1EA25D6C006E088D /* Home.storyboard */ = {
			isa = PBXVariantGroup;
			children = (
				26832EA01EA25D6C006E088D /* Base */,
			);
			name = Home.storyboard;
			path = ../..;
			sourceTree = "<group>";
		};
		26832EA21EA25D86006E088D /* Message.storyboard */ = {
			isa = PBXVariantGroup;
			children = (
				26832EA31EA25D86006E088D /* Base */,
			);
			name = Message.storyboard;
			path = ../..;
			sourceTree = "<group>";
		};
		26832EA51EA25DA5006E088D /* Discover.storyboard */ = {
			isa = PBXVariantGroup;
			children = (
				26832EA61EA25DA5006E088D /* Base */,
			);
			name = Discover.storyboard;
			path = ../..;
			sourceTree = "<group>";
		};
		26832EAA1EA25EEB006E088D /* Profile.storyboard */ = {
			isa = PBXVariantGroup;
			children = (
				26832EAB1EA25EEB006E088D /* Base */,
			);
			name = Profile.storyboard;
			path = ../..;
			sourceTree = "<group>";
		};
		26AC675A1EA20AAB006C9B61 /* Main.storyboard */ = {
			isa = PBXVariantGroup;
			children = (
				26AC675B1EA20AAB006C9B61 /* Base */,
			);
			name = Main.storyboard;
			sourceTree = "<group>";
		};
		26AC675F1EA20AAB006C9B61 /* LaunchScreen.storyboard */ = {
			isa = PBXVariantGroup;
			children = (
				26AC67601EA20AAB006C9B61 /* Base */,
			);
			name = LaunchScreen.storyboard;
			sourceTree = "<group>";
		};
/* End PBXVariantGroup section */

/* Begin XCBuildConfiguration section */
		26AC67791EA20AAB006C9B61 /* Debug */ = {
			isa = XCBuildConfiguration;
			buildSettings = {
				ALWAYS_SEARCH_USER_PATHS = NO;
				CLANG_ANALYZER_NONNULL = YES;
				CLANG_ANALYZER_NUMBER_OBJECT_CONVERSION = YES_AGGRESSIVE;
				CLANG_CXX_LANGUAGE_STANDARD = "gnu++0x";
				CLANG_CXX_LIBRARY = "libc++";
				CLANG_ENABLE_MODULES = YES;
				CLANG_ENABLE_OBJC_ARC = YES;
				CLANG_WARN_BOOL_CONVERSION = YES;
				CLANG_WARN_CONSTANT_CONVERSION = YES;
				CLANG_WARN_DIRECT_OBJC_ISA_USAGE = YES_ERROR;
				CLANG_WARN_DOCUMENTATION_COMMENTS = YES;
				CLANG_WARN_EMPTY_BODY = YES;
				CLANG_WARN_ENUM_CONVERSION = YES;
				CLANG_WARN_INFINITE_RECURSION = YES;
				CLANG_WARN_INT_CONVERSION = YES;
				CLANG_WARN_OBJC_ROOT_CLASS = YES_ERROR;
				CLANG_WARN_SUSPICIOUS_MOVE = YES;
				CLANG_WARN_UNREACHABLE_CODE = YES;
				CLANG_WARN__DUPLICATE_METHOD_MATCH = YES;
				"CODE_SIGN_IDENTITY[sdk=iphoneos*]" = "iPhone Developer";
				COPY_PHASE_STRIP = NO;
				DEBUG_INFORMATION_FORMAT = dwarf;
				ENABLE_STRICT_OBJC_MSGSEND = YES;
				ENABLE_TESTABILITY = YES;
				GCC_C_LANGUAGE_STANDARD = gnu99;
				GCC_DYNAMIC_NO_PIC = NO;
				GCC_NO_COMMON_BLOCKS = YES;
				GCC_OPTIMIZATION_LEVEL = 0;
				GCC_PREPROCESSOR_DEFINITIONS = (
					"DEBUG=1",
					"$(inherited)",
				);
				GCC_WARN_64_TO_32_BIT_CONVERSION = YES;
				GCC_WARN_ABOUT_RETURN_TYPE = YES_ERROR;
				GCC_WARN_UNDECLARED_SELECTOR = YES;
				GCC_WARN_UNINITIALIZED_AUTOS = YES_AGGRESSIVE;
				GCC_WARN_UNUSED_FUNCTION = YES;
				GCC_WARN_UNUSED_VARIABLE = YES;
				IPHONEOS_DEPLOYMENT_TARGET = 10.3;
				MTL_ENABLE_DEBUG_INFO = YES;
				ONLY_ACTIVE_ARCH = YES;
				SDKROOT = iphoneos;
				SWIFT_ACTIVE_COMPILATION_CONDITIONS = DEBUG;
				SWIFT_OPTIMIZATION_LEVEL = "-Onone";
				TARGETED_DEVICE_FAMILY = "1,2";
			};
			name = Debug;
		};
		26AC677A1EA20AAB006C9B61 /* Release */ = {
			isa = XCBuildConfiguration;
			buildSettings = {
				ALWAYS_SEARCH_USER_PATHS = NO;
				CLANG_ANALYZER_NONNULL = YES;
				CLANG_ANALYZER_NUMBER_OBJECT_CONVERSION = YES_AGGRESSIVE;
				CLANG_CXX_LANGUAGE_STANDARD = "gnu++0x";
				CLANG_CXX_LIBRARY = "libc++";
				CLANG_ENABLE_MODULES = YES;
				CLANG_ENABLE_OBJC_ARC = YES;
				CLANG_WARN_BOOL_CONVERSION = YES;
				CLANG_WARN_CONSTANT_CONVERSION = YES;
				CLANG_WARN_DIRECT_OBJC_ISA_USAGE = YES_ERROR;
				CLANG_WARN_DOCUMENTATION_COMMENTS = YES;
				CLANG_WARN_EMPTY_BODY = YES;
				CLANG_WARN_ENUM_CONVERSION = YES;
				CLANG_WARN_INFINITE_RECURSION = YES;
				CLANG_WARN_INT_CONVERSION = YES;
				CLANG_WARN_OBJC_ROOT_CLASS = YES_ERROR;
				CLANG_WARN_SUSPICIOUS_MOVE = YES;
				CLANG_WARN_UNREACHABLE_CODE = YES;
				CLANG_WARN__DUPLICATE_METHOD_MATCH = YES;
				"CODE_SIGN_IDENTITY[sdk=iphoneos*]" = "iPhone Developer";
				COPY_PHASE_STRIP = NO;
				DEBUG_INFORMATION_FORMAT = "dwarf-with-dsym";
				ENABLE_NS_ASSERTIONS = NO;
				ENABLE_STRICT_OBJC_MSGSEND = YES;
				GCC_C_LANGUAGE_STANDARD = gnu99;
				GCC_NO_COMMON_BLOCKS = YES;
				GCC_WARN_64_TO_32_BIT_CONVERSION = YES;
				GCC_WARN_ABOUT_RETURN_TYPE = YES_ERROR;
				GCC_WARN_UNDECLARED_SELECTOR = YES;
				GCC_WARN_UNINITIALIZED_AUTOS = YES_AGGRESSIVE;
				GCC_WARN_UNUSED_FUNCTION = YES;
				GCC_WARN_UNUSED_VARIABLE = YES;
				IPHONEOS_DEPLOYMENT_TARGET = 10.3;
				MTL_ENABLE_DEBUG_INFO = NO;
				SDKROOT = iphoneos;
				SWIFT_OPTIMIZATION_LEVEL = "-Owholemodule";
				TARGETED_DEVICE_FAMILY = "1,2";
				VALIDATE_PRODUCT = YES;
			};
			name = Release;
		};
		26AC677C1EA20AAB006C9B61 /* Debug */ = {
			isa = XCBuildConfiguration;
			baseConfigurationReference = E8B725750DB6A7987027AF75 /* Pods-SinaWeiBo.debug.xcconfig */;
			buildSettings = {
				ASSETCATALOG_COMPILER_APPICON_NAME = AppIcon;
				ASSETCATALOG_COMPILER_LAUNCHIMAGE_NAME = LaunchImage;
				INFOPLIST_FILE = SinaWeiBo/Info.plist;
				IPHONEOS_DEPLOYMENT_TARGET = 9.0;
				LD_RUNPATH_SEARCH_PATHS = "$(inherited) @executable_path/Frameworks";
				PRODUCT_BUNDLE_IDENTIFIER = com.caiiiac.SinaWeiBo;
				PRODUCT_NAME = "$(TARGET_NAME)";
				SWIFT_VERSION = 3.0;
				TARGETED_DEVICE_FAMILY = 1;
			};
			name = Debug;
		};
		26AC677D1EA20AAB006C9B61 /* Release */ = {
			isa = XCBuildConfiguration;
			baseConfigurationReference = F6114F98EBADB08B0D5F017C /* Pods-SinaWeiBo.release.xcconfig */;
			buildSettings = {
				ASSETCATALOG_COMPILER_APPICON_NAME = AppIcon;
				ASSETCATALOG_COMPILER_LAUNCHIMAGE_NAME = LaunchImage;
				INFOPLIST_FILE = SinaWeiBo/Info.plist;
				IPHONEOS_DEPLOYMENT_TARGET = 9.0;
				LD_RUNPATH_SEARCH_PATHS = "$(inherited) @executable_path/Frameworks";
				PRODUCT_BUNDLE_IDENTIFIER = com.caiiiac.SinaWeiBo;
				PRODUCT_NAME = "$(TARGET_NAME)";
				SWIFT_VERSION = 3.0;
				TARGETED_DEVICE_FAMILY = 1;
			};
			name = Release;
		};
		26AC677F1EA20AAB006C9B61 /* Debug */ = {
			isa = XCBuildConfiguration;
			baseConfigurationReference = 0AE674DF7EDA632A14DDAD61 /* Pods-SinaWeiBoTests.debug.xcconfig */;
			buildSettings = {
				ALWAYS_EMBED_SWIFT_STANDARD_LIBRARIES = YES;
				BUNDLE_LOADER = "$(TEST_HOST)";
				INFOPLIST_FILE = SinaWeiBoTests/Info.plist;
				LD_RUNPATH_SEARCH_PATHS = "$(inherited) @executable_path/Frameworks @loader_path/Frameworks";
				PRODUCT_BUNDLE_IDENTIFIER = com.caiiiac.SinaWeiBoTests;
				PRODUCT_NAME = "$(TARGET_NAME)";
				SWIFT_VERSION = 3.0;
				TEST_HOST = "$(BUILT_PRODUCTS_DIR)/SinaWeiBo.app/SinaWeiBo";
			};
			name = Debug;
		};
		26AC67801EA20AAB006C9B61 /* Release */ = {
			isa = XCBuildConfiguration;
			baseConfigurationReference = 7B7D794F4394A5A474314D3F /* Pods-SinaWeiBoTests.release.xcconfig */;
			buildSettings = {
				ALWAYS_EMBED_SWIFT_STANDARD_LIBRARIES = YES;
				BUNDLE_LOADER = "$(TEST_HOST)";
				INFOPLIST_FILE = SinaWeiBoTests/Info.plist;
				LD_RUNPATH_SEARCH_PATHS = "$(inherited) @executable_path/Frameworks @loader_path/Frameworks";
				PRODUCT_BUNDLE_IDENTIFIER = com.caiiiac.SinaWeiBoTests;
				PRODUCT_NAME = "$(TARGET_NAME)";
				SWIFT_VERSION = 3.0;
				TEST_HOST = "$(BUILT_PRODUCTS_DIR)/SinaWeiBo.app/SinaWeiBo";
			};
			name = Release;
		};
		26AC67821EA20AAB006C9B61 /* Debug */ = {
			isa = XCBuildConfiguration;
			baseConfigurationReference = DF7D66DA096F8F6CAE050F68 /* Pods-SinaWeiBoUITests.debug.xcconfig */;
			buildSettings = {
				ALWAYS_EMBED_SWIFT_STANDARD_LIBRARIES = YES;
				INFOPLIST_FILE = SinaWeiBoUITests/Info.plist;
				LD_RUNPATH_SEARCH_PATHS = "$(inherited) @executable_path/Frameworks @loader_path/Frameworks";
				PRODUCT_BUNDLE_IDENTIFIER = com.caiiiac.SinaWeiBoUITests;
				PRODUCT_NAME = "$(TARGET_NAME)";
				SWIFT_VERSION = 3.0;
				TEST_TARGET_NAME = SinaWeiBo;
			};
			name = Debug;
		};
		26AC67831EA20AAB006C9B61 /* Release */ = {
			isa = XCBuildConfiguration;
			baseConfigurationReference = E0318C1983D0BDFAAB0E8946 /* Pods-SinaWeiBoUITests.release.xcconfig */;
			buildSettings = {
				ALWAYS_EMBED_SWIFT_STANDARD_LIBRARIES = YES;
				INFOPLIST_FILE = SinaWeiBoUITests/Info.plist;
				LD_RUNPATH_SEARCH_PATHS = "$(inherited) @executable_path/Frameworks @loader_path/Frameworks";
				PRODUCT_BUNDLE_IDENTIFIER = com.caiiiac.SinaWeiBoUITests;
				PRODUCT_NAME = "$(TARGET_NAME)";
				SWIFT_VERSION = 3.0;
				TEST_TARGET_NAME = SinaWeiBo;
			};
			name = Release;
		};
/* End XCBuildConfiguration section */

/* Begin XCConfigurationList section */
		26AC674E1EA20AAB006C9B61 /* Build configuration list for PBXProject "SinaWeiBo" */ = {
			isa = XCConfigurationList;
			buildConfigurations = (
				26AC67791EA20AAB006C9B61 /* Debug */,
				26AC677A1EA20AAB006C9B61 /* Release */,
			);
			defaultConfigurationIsVisible = 0;
			defaultConfigurationName = Release;
		};
		26AC677B1EA20AAB006C9B61 /* Build configuration list for PBXNativeTarget "SinaWeiBo" */ = {
			isa = XCConfigurationList;
			buildConfigurations = (
				26AC677C1EA20AAB006C9B61 /* Debug */,
				26AC677D1EA20AAB006C9B61 /* Release */,
			);
			defaultConfigurationIsVisible = 0;
			defaultConfigurationName = Release;
		};
		26AC677E1EA20AAB006C9B61 /* Build configuration list for PBXNativeTarget "SinaWeiBoTests" */ = {
			isa = XCConfigurationList;
			buildConfigurations = (
				26AC677F1EA20AAB006C9B61 /* Debug */,
				26AC67801EA20AAB006C9B61 /* Release */,
			);
			defaultConfigurationIsVisible = 0;
			defaultConfigurationName = Release;
		};
		26AC67811EA20AAB006C9B61 /* Build configuration list for PBXNativeTarget "SinaWeiBoUITests" */ = {
			isa = XCConfigurationList;
			buildConfigurations = (
				26AC67821EA20AAB006C9B61 /* Debug */,
				26AC67831EA20AAB006C9B61 /* Release */,
			);
			defaultConfigurationIsVisible = 0;
			defaultConfigurationName = Release;
		};
/* End XCConfigurationList section */
	};
	rootObject = 26AC674B1EA20AAB006C9B61 /* Project object */;
}
